
Microsoft Visual Studio Solution File, Format Version 12.00
# Visual Studio Version 17
VisualStudioVersion = 17.11.35327.3
MinimumVisualStudioVersion = 10.0.40219.1
Project("{9A19103F-16F7-4668-BE54-9A1E7A4F7556}") = "TradeFlowAPI.DataAccess", "TradeFlowAPI.DataAccess\TradeFlowAPI.DataAccess.csproj", "{58F0C2CD-C586-4EB3-9A0F-F80A03D48404}"
EndProject
Project("{9A19103F-16F7-4668-BE54-9A1E7A4F7556}") = "TradeFlowAPI.Entities", "TradeFlowAPI.Entities\TradeFlowAPI.Entities.csproj", "{443190DD-72D0-4DFC-903C-DF55C197AD69}"
EndProject
Project("{9A19103F-16F7-4668-BE54-9A1E7A4F7556}") = "TradeFlowAPI.Business", "TradeFlowAPI.Business\TradeFlowAPI.Business.csproj", "{95DE3A86-D86D-4E41-ADB0-797EA76AA559}"
EndProject
Project("{FAE04EC0-301F-11D3-BF4B-00C04F79EFBC}") = "Core", "Core\Core.csproj", "{5C06686C-5E91-4B6A-845E-BD48528E15AF}"
EndProject
Project("{2150E333-8FDC-42A3-9474-1A3956D46DE8}") = "Solution Items", "Solution Items", "{C4713221-18B9-4A31-8F72-97EE1B49DAF0}"
	ProjectSection(SolutionItems) = preProject
		.gitignore = .gitignore
	EndProjectSection
EndProject
Project("{FAE04EC0-301F-11D3-BF4B-00C04F79EFBC}") = "TradeFlowWebAPI", "TradeFlowWebAPI\TradeFlowWebAPI.csproj", "{CCC1594A-43FE-47F0-8528-DEBD3953B228}"
EndProject
Global
	GlobalSection(SolutionConfigurationPlatforms) = preSolution
		Debug|Any CPU = Debug|Any CPU
		Release|Any CPU = Release|Any CPU
	EndGlobalSection
	GlobalSection(ProjectConfigurationPlatforms) = postSolution
		{58F0C2CD-C586-4EB3-9A0F-F80A03D48404}.Debug|Any CPU.ActiveCfg = Debug|Any CPU
		{58F0C2CD-C586-4EB3-9A0F-F80A03D48404}.Debug|Any CPU.Build.0 = Debug|Any CPU
		{58F0C2CD-C586-4EB3-9A0F-F80A03D48404}.Release|Any CPU.ActiveCfg = Release|Any CPU
		{58F0C2CD-C586-4EB3-9A0F-F80A03D48404}.Release|Any CPU.Build.0 = Release|Any CPU
		{443190DD-72D0-4DFC-903C-DF55C197AD69}.Debug|Any CPU.ActiveCfg = Debug|Any CPU
		{443190DD-72D0-4DFC-903C-DF55C197AD69}.Debug|Any CPU.Build.0 = Debug|Any CPU
		{443190DD-72D0-4DFC-903C-DF55C197AD69}.Release|Any CPU.ActiveCfg = Release|Any CPU
		{443190DD-72D0-4DFC-903C-DF55C197AD69}.Release|Any CPU.Build.0 = Release|Any CPU
		{95DE3A86-D86D-4E41-ADB0-797EA76AA559}.Debug|Any CPU.ActiveCfg = Debug|Any CPU
		{95DE3A86-D86D-4E41-ADB0-797EA76AA559}.Debug|Any CPU.Build.0 = Debug|Any CPU
		{95DE3A86-D86D-4E41-ADB0-797EA76AA559}.Release|Any CPU.ActiveCfg = Release|Any CPU
		{95DE3A86-D86D-4E41-ADB0-797EA76AA559}.Release|Any CPU.Build.0 = Release|Any CPU
		{5C06686C-5E91-4B6A-845E-BD48528E15AF}.Debug|Any CPU.ActiveCfg = Debug|Any CPU
		{5C06686C-5E91-4B6A-845E-BD48528E15AF}.Debug|Any CPU.Build.0 = Debug|Any CPU
		{5C06686C-5E91-4B6A-845E-BD48528E15AF}.Release|Any CPU.ActiveCfg = Release|Any CPU
		{5C06686C-5E91-4B6A-845E-BD48528E15AF}.Release|Any CPU.Build.0 = Release|Any CPU
		{CCC1594A-43FE-47F0-8528-DEBD3953B228}.Debug|Any CPU.ActiveCfg = Debug|Any CPU
		{CCC1594A-43FE-47F0-8528-DEBD3953B228}.Debug|Any CPU.Build.0 = Debug|Any CPU
		{CCC1594A-43FE-47F0-8528-DEBD3953B228}.Release|Any CPU.ActiveCfg = Release|Any CPU
		{CCC1594A-43FE-47F0-8528-DEBD3953B228}.Release|Any CPU.Build.0 = Release|Any CPU
	EndGlobalSection
	GlobalSection(SolutionProperties) = preSolution
		HideSolutionNode = FALSE
	EndGlobalSection
	GlobalSection(ExtensibilityGlobals) = postSolution
		SolutionGuid = {02701BAC-6D0A-407E-9D71-23D5AB1F75EC}
	EndGlobalSection
EndGlobal
